<?xml version="1.0" encoding="utf-8"?>
<Project ToolsVersion="4.0" xmlns="http://schemas.microsoft.com/developer/msbuild/2003">
  <ItemGroup>
    <Filter Include="ソース ファイル">
      <UniqueIdentifier>{4FC737F1-C7A5-4376-A066-2A32D752A2FF}</UniqueIdentifier>
      <Extensions>cpp;c;cc;cxx;def;odl;idl;hpj;bat;asm;asmx</Extensions>
    </Filter>
    <Filter Include="ヘッダー ファイル">
      <UniqueIdentifier>{93995380-89BD-4b04-88EB-625FBE52EBFB}</UniqueIdentifier>
      <Extensions>h;hh;hpp;hxx;hm;inl;inc;xsd</Extensions>
    </Filter>
    <Filter Include="リソース ファイル">
      <UniqueIdentifier>{67DA6AB6-F800-4c08-8B7A-83BB121AAD01}</UniqueIdentifier>
      <Extensions>rc;ico;cur;bmp;dlg;rc2;rct;bin;rgs;gif;jpg;jpeg;jpe;resx;tiff;tif;png;wav;mfcribbon-ms</Extensions>
    </Filter>
  </ItemGroup>
  <ItemGroup>
    <ClCompile Include="main.cpp">
      <Filter>ソース ファイル</Filter>
    </ClCompile>
    <ClCompile Include="CMain.cpp">
      <Filter>ソース ファイル</Filter>
    </ClCompile>
    <ClCompile Include="CMatirx33.cpp">
      <Filter>ソース ファイル</Filter>
    </ClCompile>
    <ClCompile Include="CVector2.cpp">
      <Filter>ソース ファイル</Filter>
    </ClCompile>
    <ClCompile Include="CCollider.cpp">
      <Filter>ソース ファイル</Filter>
    </ClCompile>
    <ClCompile Include="CTask.cpp">
      <Filter>ソース ファイル</Filter>
    </ClCompile>
    <ClCompile Include="CTexture.cpp">
      <Filter>ソース ファイル</Filter>
    </ClCompile>
    <ClCompile Include="CMatrix44.cpp">
      <Filter>ソース ファイル</Filter>
    </ClCompile>
    <ClCompile Include="C3DBox.cpp">
      <Filter>ソース ファイル</Filter>
    </ClCompile>
    <ClCompile Include="CText.cpp">
      <Filter>ソース ファイル</Filter>
    </ClCompile>
    <ClCompile Include="CPlayer.cpp">
      <Filter>ソース ファイル</Filter>
    </ClCompile>
    <ClCompile Include="CKey.cpp">
      <Filter>ソース ファイル</Filter>
    </ClCompile>
    <ClCompile Include="CScene.cpp">
      <Filter>ソース ファイル</Filter>
    </ClCompile>
    <ClCompile Include="CInput.cpp">
      <Filter>ソース ファイル</Filter>
    </ClCompile>
    <ClCompile Include="CGoal.cpp">
      <Filter>ソース ファイル</Filter>
    </ClCompile>
    <ClCompile Include="CHappy.cpp">
      <Filter>ソース ファイル</Filter>
    </ClCompile>
    <ClCompile Include="CWind.cpp">
      <Filter>ソース ファイル</Filter>
    </ClCompile>
    <ClCompile Include="CTrampoline.cpp">
      <Filter>ソース ファイル</Filter>
    </ClCompile>
    <ClCompile Include="CBall.cpp">
      <Filter>ソース ファイル</Filter>
    </ClCompile>
    <ClCompile Include="CRectangle.cpp">
      <Filter>ソース ファイル</Filter>
    </ClCompile>
    <ClCompile Include="CPass.cpp">
      <Filter>ソース ファイル</Filter>
    </ClCompile>
    <ClCompile Include="CMove.cpp">
      <Filter>ソース ファイル</Filter>
    </ClCompile>
    <ClCompile Include="CHammer.cpp">
      <Filter>ソース ファイル</Filter>
    </ClCompile>
  </ItemGroup>
  <ItemGroup>
    <ClInclude Include="CMain.h">
      <Filter>ソース ファイル</Filter>
    </ClInclude>
    <ClInclude Include="CVector2.h">
      <Filter>ソース ファイル</Filter>
    </ClInclude>
    <ClInclude Include="CMatrix33.h">
      <Filter>ソース ファイル</Filter>
    </ClInclude>
    <ClInclude Include="CCollider.h">
      <Filter>ソース ファイル</Filter>
    </ClInclude>
    <ClInclude Include="CTask.h">
      <Filter>ソース ファイル</Filter>
    </ClInclude>
    <ClInclude Include="CTexture.h">
      <Filter>ソース ファイル</Filter>
    </ClInclude>
    <ClInclude Include="C3DTriangle.h">
      <Filter>ソース ファイル</Filter>
    </ClInclude>
    <ClInclude Include="CVector3.h">
      <Filter>ソース ファイル</Filter>
    </ClInclude>
    <ClInclude Include="CMatrix44.h">
      <Filter>ソース ファイル</Filter>
    </ClInclude>
    <ClInclude Include="C3DBox.h">
      <Filter>ソース ファイル</Filter>
    </ClInclude>
    <ClInclude Include="CText.h">
      <Filter>ソース ファイル</Filter>
    </ClInclude>
    <ClInclude Include="CPlayer.h">
      <Filter>ソース ファイル</Filter>
    </ClInclude>
    <ClInclude Include="CKey.h">
      <Filter>ソース ファイル</Filter>
    </ClInclude>
    <ClInclude Include="CCharacter.h">
      <Filter>ソース ファイル</Filter>
    </ClInclude>
    <ClInclude Include="CScene.h">
      <Filter>ソース ファイル</Filter>
    </ClInclude>
    <ClInclude Include="CBreak.h">
      <Filter>ソース ファイル</Filter>
    </ClInclude>
    <ClInclude Include="CInput.h">
      <Filter>ソース ファイル</Filter>
    </ClInclude>
    <ClInclude Include="CGoal.h">
      <Filter>ソース ファイル</Filter>
    </ClInclude>
    <ClInclude Include="CHappy.h">
      <Filter>ソース ファイル</Filter>
    </ClInclude>
    <ClInclude Include="CWind.h">
      <Filter>ソース ファイル</Filter>
    </ClInclude>
    <ClInclude Include="CTramPoline.h">
      <Filter>ソース ファイル</Filter>
    </ClInclude>
    <ClInclude Include="CBall.h">
      <Filter>ソース ファイル</Filter>
    </ClInclude>
    <ClInclude Include="CRectangle.h">
      <Filter>ソース ファイル</Filter>
    </ClInclude>
    <ClInclude Include="CPass.h">
      <Filter>ソース ファイル</Filter>
    </ClInclude>
    <ClInclude Include="CMove.h">
      <Filter>ソース ファイル</Filter>
    </ClInclude>
    <ClInclude Include="CHammer.h">
      <Filter>ソース ファイル</Filter>
    </ClInclude>
  </ItemGroup>
</Project>